// !$*UTF8*$!
{
	archiveVersion = 1;
	classes = {
	};
	objectVersion = 46;
	objects = {

/* Begin PBXBuildFile section */
		301E198C189926CA007F931D /* FacebookSDK.framework in Frameworks */ = {isa = PBXBuildFile; fileRef = 301E198B189926CA007F931D /* FacebookSDK.framework */; };
		3600E48218991C1D00052266 /* Foundation.framework in Frameworks */ = {isa = PBXBuildFile; fileRef = 3600E48118991C1D00052266 /* Foundation.framework */; };
		3600E48418991C1D00052266 /* CoreGraphics.framework in Frameworks */ = {isa = PBXBuildFile; fileRef = 3600E48318991C1D00052266 /* CoreGraphics.framework */; };
		3600E48618991C1D00052266 /* UIKit.framework in Frameworks */ = {isa = PBXBuildFile; fileRef = 3600E48518991C1D00052266 /* UIKit.framework */; };
		3600E48C18991C1D00052266 /* InfoPlist.strings in Resources */ = {isa = PBXBuildFile; fileRef = 3600E48A18991C1D00052266 /* InfoPlist.strings */; };
		3600E48E18991C1D00052266 /* main.m in Sources */ = {isa = PBXBuildFile; fileRef = 3600E48D18991C1D00052266 /* main.m */; };
		3600E49218991C1D00052266 /* AppDelegate.m in Sources */ = {isa = PBXBuildFile; fileRef = 3600E49118991C1D00052266 /* AppDelegate.m */; };
		3600E49518991C1D00052266 /* Main.storyboard in Resources */ = {isa = PBXBuildFile; fileRef = 3600E49318991C1D00052266 /* Main.storyboard */; };
		3600E49818991C1D00052266 /* ViewController.m in Sources */ = {isa = PBXBuildFile; fileRef = 3600E49718991C1D00052266 /* ViewController.m */; };
		3600E49A18991C1D00052266 /* Images.xcassets in Resources */ = {isa = PBXBuildFile; fileRef = 3600E49918991C1D00052266 /* Images.xcassets */; };
		3600E4A118991C1D00052266 /* XCTest.framework in Frameworks */ = {isa = PBXBuildFile; fileRef = 3600E4A018991C1D00052266 /* XCTest.framework */; };
		3600E4A218991C1D00052266 /* Foundation.framework in Frameworks */ = {isa = PBXBuildFile; fileRef = 3600E48118991C1D00052266 /* Foundation.framework */; };
		3600E4A318991C1D00052266 /* UIKit.framework in Frameworks */ = {isa = PBXBuildFile; fileRef = 3600E48518991C1D00052266 /* UIKit.framework */; };
		3600E4AB18991C1D00052266 /* InfoPlist.strings in Resources */ = {isa = PBXBuildFile; fileRef = 3600E4A918991C1D00052266 /* InfoPlist.strings */; };
		3600E4AD18991C1D00052266 /* Run_GuideTests.m in Sources */ = {isa = PBXBuildFile; fileRef = 3600E4AC18991C1D00052266 /* Run_GuideTests.m */; };
/* End PBXBuildFile section */

/* Begin PBXContainerItemProxy section */
		3600E4A418991C1D00052266 /* PBXContainerItemProxy */ = {
			isa = PBXContainerItemProxy;
			containerPortal = 3600E47618991C1D00052266 /* Project object */;
			proxyType = 1;
			remoteGlobalIDString = 3600E47D18991C1D00052266;
			remoteInfo = "Run Guide";
		};
/* End PBXContainerItemProxy section */

/* Begin PBXFileReference section */
		301E198B189926CA007F931D /* FacebookSDK.framework */ = {isa = PBXFileReference; lastKnownFileType = wrapper.framework; name = FacebookSDK.framework; path = ../../Desktop/FacebookSDK/FacebookSDK.framework; sourceTree = "<group>"; };
		3600E47E18991C1D00052266 /* Run Guide.app */ = {isa = PBXFileReference; explicitFileType = wrapper.application; includeInIndex = 0; path = "Run Guide.app"; sourceTree = BUILT_PRODUCTS_DIR; };
		3600E48118991C1D00052266 /* Foundation.framework */ = {isa = PBXFileReference; lastKnownFileType = wrapper.framework; name = Foundation.framework; path = System/Library/Frameworks/Foundation.framework; sourceTree = SDKROOT; };
		3600E48318991C1D00052266 /* CoreGraphics.framework */ = {isa = PBXFileReference; lastKnownFileType = wrapper.framework; name = CoreGraphics.framework; path = System/Library/Frameworks/CoreGraphics.framework; sourceTree = SDKROOT; };
		3600E48518991C1D00052266 /* UIKit.framework */ = {isa = PBXFileReference; lastKnownFileType = wrapper.framework; name = UIKit.framework; path = System/Library/Frameworks/UIKit.framework; sourceTree = SDKROOT; };
		3600E48918991C1D00052266 /* Run Guide-Info.plist */ = {isa = PBXFileReference; lastKnownFileType = text.plist.xml; path = "Run Guide-Info.plist"; sourceTree = "<group>"; };
		3600E48B18991C1D00052266 /* en */ = {isa = PBXFileReference; lastKnownFileType = text.plist.strings; name = en; path = en.lproj/InfoPlist.strings; sourceTree = "<group>"; };
		3600E48D18991C1D00052266 /* main.m */ = {isa = PBXFileReference; lastKnownFileType = sourcecode.c.objc; path = main.m; sourceTree = "<group>"; };
		3600E48F18991C1D00052266 /* Run Guide-Prefix.pch */ = {isa = PBXFileReference; lastKnownFileType = sourcecode.c.h; path = "Run Guide-Prefix.pch"; sourceTree = "<group>"; };
		3600E49018991C1D00052266 /* AppDelegate.h */ = {isa = PBXFileReference; lastKnownFileType = sourcecode.c.h; path = AppDelegate.h; sourceTree = "<group>"; };
		3600E49118991C1D00052266 /* AppDelegate.m */ = {isa = PBXFileReference; lastKnownFileType = sourcecode.c.objc; path = AppDelegate.m; sourceTree = "<group>"; };
		3600E49418991C1D00052266 /* Base */ = {isa = PBXFileReference; lastKnownFileType = file.storyboard; name = Base; path = Base.lproj/Main.storyboard; sourceTree = "<group>"; };
		3600E49618991C1D00052266 /* ViewController.h */ = {isa = PBXFileReference; lastKnownFileType = sourcecode.c.h; path = ViewController.h; sourceTree = "<group>"; };
		3600E49718991C1D00052266 /* ViewController.m */ = {isa = PBXFileReference; lastKnownFileType = sourcecode.c.objc; path = ViewController.m; sourceTree = "<group>"; };
		3600E49918991C1D00052266 /* Images.xcassets */ = {isa = PBXFileReference; lastKnownFileType = folder.assetcatalog; path = Images.xcassets; sourceTree = "<group>"; };
		3600E49F18991C1D00052266 /* Run GuideTests.xctest */ = {isa = PBXFileReference; explicitFileType = wrapper.cfbundle; includeInIndex = 0; path = "Run GuideTests.xctest"; sourceTree = BUILT_PRODUCTS_DIR; };
		3600E4A018991C1D00052266 /* XCTest.framework */ = {isa = PBXFileReference; lastKnownFileType = wrapper.framework; name = XCTest.framework; path = Library/Frameworks/XCTest.framework; sourceTree = DEVELOPER_DIR; };
		3600E4A818991C1D00052266 /* Run GuideTests-Info.plist */ = {isa = PBXFileReference; lastKnownFileType = text.plist.xml; path = "Run GuideTests-Info.plist"; sourceTree = "<group>"; };
		3600E4AA18991C1D00052266 /* en */ = {isa = PBXFileReference; lastKnownFileType = text.plist.strings; name = en; path = en.lproj/InfoPlist.strings; sourceTree = "<group>"; };
		3600E4AC18991C1D00052266 /* Run_GuideTests.m */ = {isa = PBXFileReference; lastKnownFileType = sourcecode.c.objc; path = Run_GuideTests.m; sourceTree = "<group>"; };
/* End PBXFileReference section */

/* Begin PBXFrameworksBuildPhase section */
		3600E47B18991C1D00052266 /* Frameworks */ = {
			isa = PBXFrameworksBuildPhase;
			buildActionMask = 2147483647;
			files = (
				3600E48418991C1D00052266 /* CoreGraphics.framework in Frameworks */,
				301E198C189926CA007F931D /* FacebookSDK.framework in Frameworks */,
				3600E48618991C1D00052266 /* UIKit.framework in Frameworks */,
				3600E48218991C1D00052266 /* Foundation.framework in Frameworks */,
			);
			runOnlyForDeploymentPostprocessing = 0;
		};
		3600E49C18991C1D00052266 /* Frameworks */ = {
			isa = PBXFrameworksBuildPhase;
			buildActionMask = 2147483647;
			files = (
				3600E4A118991C1D00052266 /* XCTest.framework in Frameworks */,
				3600E4A318991C1D00052266 /* UIKit.framework in Frameworks */,
				3600E4A218991C1D00052266 /* Foundation.framework in Frameworks */,
			);
			runOnlyForDeploymentPostprocessing = 0;
		};
/* End PBXFrameworksBuildPhase section */

/* Begin PBXGroup section */
		3600E47518991C1D00052266 = {
			isa = PBXGroup;
			children = (
				3600E48718991C1D00052266 /* Run Guide */,
				3600E4A618991C1D00052266 /* Run GuideTests */,
				3600E48018991C1D00052266 /* Frameworks */,
				3600E47F18991C1D00052266 /* Products */,
			);
			sourceTree = "<group>";
		};
		3600E47F18991C1D00052266 /* Products */ = {
			isa = PBXGroup;
			children = (
				3600E47E18991C1D00052266 /* Run Guide.app */,
				3600E49F18991C1D00052266 /* Run GuideTests.xctest */,
			);
			name = Products;
			sourceTree = "<group>";
		};
		3600E48018991C1D00052266 /* Frameworks */ = {
			isa = PBXGroup;
			children = (
				301E198B189926CA007F931D /* FacebookSDK.framework */,
				3600E48118991C1D00052266 /* Foundation.framework */,
				3600E48318991C1D00052266 /* CoreGraphics.framework */,
				3600E48518991C1D00052266 /* UIKit.framework */,
				3600E4A018991C1D00052266 /* XCTest.framework */,
			);
			name = Frameworks;
			sourceTree = "<group>";
		};
		3600E48718991C1D00052266 /* Run Guide */ = {
			isa = PBXGroup;
			children = (
				3600E49018991C1D00052266 /* AppDelegate.h */,
				3600E49118991C1D00052266 /* AppDelegate.m */,
				3600E49318991C1D00052266 /* Main.storyboard */,
				3600E49618991C1D00052266 /* ViewController.h */,
				3600E49718991C1D00052266 /* ViewController.m */,
				3600E49918991C1D00052266 /* Images.xcassets */,
				3600E48818991C1D00052266 /* Supporting Files */,
			);
			path = "Run Guide";
			sourceTree = "<group>";
		};
		3600E48818991C1D00052266 /* Supporting Files */ = {
			isa = PBXGroup;
			children = (
				3600E48918991C1D00052266 /* Run Guide-Info.plist */,
				3600E48A18991C1D00052266 /* InfoPlist.strings */,
				3600E48D18991C1D00052266 /* main.m */,
				3600E48F18991C1D00052266 /* Run Guide-Prefix.pch */,
			);
			name = "Supporting Files";
			sourceTree = "<group>";
		};
		3600E4A618991C1D00052266 /* Run GuideTests */ = {
			isa = PBXGroup;
			children = (
				3600E4AC18991C1D00052266 /* Run_GuideTests.m */,
				3600E4A718991C1D00052266 /* Supporting Files */,
			);
			path = "Run GuideTests";
			sourceTree = "<group>";
		};
		3600E4A718991C1D00052266 /* Supporting Files */ = {
			isa = PBXGroup;
			children = (
				3600E4A818991C1D00052266 /* Run GuideTests-Info.plist */,
				3600E4A918991C1D00052266 /* InfoPlist.strings */,
			);
			name = "Supporting Files";
			sourceTree = "<group>";
		};
/* End PBXGroup section */

/* Begin PBXNativeTarget section */
		3600E47D18991C1D00052266 /* Run Guide */ = {
			isa = PBXNativeTarget;
			buildConfigurationList = 3600E4B018991C1D00052266 /* Build configuration list for PBXNativeTarget "Run Guide" */;
			buildPhases = (
				3600E47A18991C1D00052266 /* Sources */,
				3600E47B18991C1D00052266 /* Frameworks */,
				3600E47C18991C1D00052266 /* Resources */,
			);
			buildRules = (
			);
			dependencies = (
			);
			name = "Run Guide";
			productName = "Run Guide";
			productReference = 3600E47E18991C1D00052266 /* Run Guide.app */;
			productType = "com.apple.product-type.application";
		};
		3600E49E18991C1D00052266 /* Run GuideTests */ = {
			isa = PBXNativeTarget;
			buildConfigurationList = 3600E4B318991C1D00052266 /* Build configuration list for PBXNativeTarget "Run GuideTests" */;
			buildPhases = (
				3600E49B18991C1D00052266 /* Sources */,
				3600E49C18991C1D00052266 /* Frameworks */,
				3600E49D18991C1D00052266 /* Resources */,
			);
			buildRules = (
			);
			dependencies = (
				3600E4A518991C1D00052266 /* PBXTargetDependency */,
			);
			name = "Run GuideTests";
			productName = "Run GuideTests";
			productReference = 3600E49F18991C1D00052266 /* Run GuideTests.xctest */;
			productType = "com.apple.product-type.bundle.unit-test";
		};
/* End PBXNativeTarget section */

/* Begin PBXProject section */
		3600E47618991C1D00052266 /* Project object */ = {
			isa = PBXProject;
			attributes = {
				LastUpgradeCheck = 0500;
				ORGANIZATIONNAME = "Hibrise Technologies";
				TargetAttributes = {
					3600E49E18991C1D00052266 = {
						TestTargetID = 3600E47D18991C1D00052266;
					};
				};
			};
			buildConfigurationList = 3600E47918991C1D00052266 /* Build configuration list for PBXProject "Run Guide" */;
			compatibilityVersion = "Xcode 3.2";
			developmentRegion = English;
			hasScannedForEncodings = 0;
			knownRegions = (
				en,
				Base,
			);
			mainGroup = 3600E47518991C1D00052266;
			productRefGroup = 3600E47F18991C1D00052266 /* Products */;
			projectDirPath = "";
			projectRoot = "";
			targets = (
				3600E47D18991C1D00052266 /* Run Guide */,
				3600E49E18991C1D00052266 /* Run GuideTests */,
			);
		};
/* End PBXProject section */

/* Begin PBXResourcesBuildPhase section */
		3600E47C18991C1D00052266 /* Resources */ = {
			isa = PBXResourcesBuildPhase;
			buildActionMask = 2147483647;
			files = (
				3600E49A18991C1D00052266 /* Images.xcassets in Resources */,
				3600E48C18991C1D00052266 /* InfoPlist.strings in Resources */,
				3600E49518991C1D00052266 /* Main.storyboard in Resources */,
			);
			runOnlyForDeploymentPostprocessing = 0;
		};
		3600E49D18991C1D00052266 /* Resources */ = {
			isa = PBXResourcesBuildPhase;
			buildActionMask = 2147483647;
			files = (
				3600E4AB18991C1D00052266 /* InfoPlist.strings in Resources */,
			);
			runOnlyForDeploymentPostprocessing = 0;
		};
/* End PBXResourcesBuildPhase section */

/* Begin PBXSourcesBuildPhase section */
		3600E47A18991C1D00052266 /* Sources */ = {
			isa = PBXSourcesBuildPhase;
			buildActionMask = 2147483647;
			files = (
				3600E49818991C1D00052266 /* ViewController.m in Sources */,
				3600E49218991C1D00052266 /* AppDelegate.m in Sources */,
				3600E48E18991C1D00052266 /* main.m in Sources */,
			);
			runOnlyForDeploymentPostprocessing = 0;
		};
		3600E49B18991C1D00052266 /* Sources */ = {
			isa = PBXSourcesBuildPhase;
			buildActionMask = 2147483647;
			files = (
				3600E4AD18991C1D00052266 /* Run_GuideTests.m in Sources */,
			);
			runOnlyForDeploymentPostprocessing = 0;
		};
/* End PBXSourcesBuildPhase section */

/* Begin PBXTargetDependency section */
		3600E4A518991C1D00052266 /* PBXTargetDependency */ = {
			isa = PBXTargetDependency;
			target = 3600E47D18991C1D00052266 /* Run Guide */;
			targetProxy = 3600E4A418991C1D00052266 /* PBXContainerItemProxy */;
		};
/* End PBXTargetDependency section */

/* Begin PBXVariantGroup section */
		3600E48A18991C1D00052266 /* InfoPlist.strings */ = {
			isa = PBXVariantGroup;
			children = (
				3600E48B18991C1D00052266 /* en */,
			);
			name = InfoPlist.strings;
			sourceTree = "<group>";
		};
		3600E49318991C1D00052266 /* Main.storyboard */ = {
			isa = PBXVariantGroup;
			children = (
				3600E49418991C1D00052266 /* Base */,
			);
			name = Main.storyboard;
			sourceTree = "<group>";
		};
		3600E4A918991C1D00052266 /* InfoPlist.strings */ = {
			isa = PBXVariantGroup;
			children = (
				3600E4AA18991C1D00052266 /* en */,
			);
			name = InfoPlist.strings;
			sourceTree = "<group>";
		};
/* End PBXVariantGroup section */

/* Begin XCBuildConfiguration section */
		3600E4AE18991C1D00052266 /* Debug */ = {
			isa = XCBuildConfiguration;
			buildSettings = {
				ALWAYS_SEARCH_USER_PATHS = NO;
				ARCHS = "$(ARCHS_STANDARD_INCLUDING_64_BIT)";
				CLANG_CXX_LANGUAGE_STANDARD = "gnu++0x";
				CLANG_CXX_LIBRARY = "libc++";
				CLANG_ENABLE_MODULES = YES;
				CLANG_ENABLE_OBJC_ARC = YES;
				CLANG_WARN_BOOL_CONVERSION = YES;
				CLANG_WARN_CONSTANT_CONVERSION = YES;
				CLANG_WARN_DIRECT_OBJC_ISA_USAGE = YES_ERROR;
				CLANG_WARN_EMPTY_BODY = YES;
				CLANG_WARN_ENUM_CONVERSION = YES;
				CLANG_WARN_INT_CONVERSION = YES;
				CLANG_WARN_OBJC_ROOT_CLASS = YES_ERROR;
				CLANG_WARN__DUPLICATE_METHOD_MATCH = YES;
				"CODE_SIGN_IDENTITY[sdk=iphoneos*]" = "iPhone Developer";
				COPY_PHASE_STRIP = NO;
				GCC_C_LANGUAGE_STANDARD = gnu99;
				GCC_DYNAMIC_NO_PIC = NO;
				GCC_OPTIMIZATION_LEVEL = 0;
				GCC_PREPROCESSOR_DEFINITIONS = (
					"DEBUG=1",
					"$(inherited)",
				);
				GCC_SYMBOLS_PRIVATE_EXTERN = NO;
				GCC_WARN_64_TO_32_BIT_CONVERSION = YES;
				GCC_WARN_ABOUT_RETURN_TYPE = YES_ERROR;
				GCC_WARN_UNDECLARED_SELECTOR = YES;
				GCC_WARN_UNINITIALIZED_AUTOS = YES;
				GCC_WARN_UNUSED_FUNCTION = YES;
				GCC_WARN_UNUSED_VARIABLE = YES;
				IPHONEOS_DEPLOYMENT_TARGET = 7.0;
				ONLY_ACTIVE_ARCH = YES;
				SDKROOT = iphoneos;
			};
			name = Debug;
		};
		3600E4AF18991C1D00052266 /* Release */ = {
			isa = XCBuildConfiguration;
			buildSettings = {
				ALWAYS_SEARCH_USER_PATHS = NO;
				ARCHS = "$(ARCHS_STANDARD_INCLUDING_64_BIT)";
				CLANG_CXX_LANGUAGE_STANDARD = "gnu++0x";
				CLANG_CXX_LIBRARY = "libc++";
				CLANG_ENABLE_MODULES = YES;
				CLANG_ENABLE_OBJC_ARC = YES;
				CLANG_WARN_BOOL_CONVERSION = YES;
				CLANG_WARN_CONSTANT_CONVERSION = YES;
				CLANG_WARN_DIRECT_OBJC_ISA_USAGE = YES_ERROR;
				CLANG_WARN_EMPTY_BODY = YES;
				CLANG_WARN_ENUM_CONVERSION = YES;
				CLANG_WARN_INT_CONVERSION = YES;
				CLANG_WARN_OBJC_ROOT_CLASS = YES_ERROR;
				CLANG_WARN__DUPLICATE_METHOD_MATCH = YES;
				"CODE_SIGN_IDENTITY[sdk=iphoneos*]" = "iPhone Developer";
				COPY_PHASE_STRIP = YES;
				ENABLE_NS_ASSERTIONS = NO;
				GCC_C_LANGUAGE_STANDARD = gnu99;
				GCC_WARN_64_TO_32_BIT_CONVERSION = YES;
				GCC_WARN_ABOUT_RETURN_TYPE = YES_ERROR;
				GCC_WARN_UNDECLARED_SELECTOR = YES;
				GCC_WARN_UNINITIALIZED_AUTOS = YES;
				GCC_WARN_UNUSED_FUNCTION = YES;
				GCC_WARN_UNUSED_VARIABLE = YES;
				IPHONEOS_DEPLOYMENT_TARGET = 7.0;
				SDKROOT = iphoneos;
				VALIDATE_PRODUCT = YES;
			};
			name = Release;
		};
		3600E4B118991C1D00052266 /* Debug */ = {
			isa = XCBuildConfiguration;
			buildSettings = {
				ASSETCATALOG_COMPILER_APPICON_NAME = AppIcon;
				ASSETCATALOG_COMPILER_LAUNCHIMAGE_NAME = LaunchImage;
				FRAMEWORK_SEARCH_PATHS = (
					"$(inherited)",
					/Users/bsauniv20/Documents/FacebookSDK,
					/Users/bsauniv22/Desktop/FacebookSDK,
				);
				GCC_PRECOMPILE_PREFIX_HEADER = YES;
				GCC_PREFIX_HEADER = "Run Guide/Run Guide-Prefix.pch";
				INFOPLIST_FILE = "Run Guide/Run Guide-Info.plist";
				PRODUCT_NAME = "$(TARGET_NAME)";
				WRAPPER_EXTENSION = app;
			};
			name = Debug;
		};
		3600E4B218991C1D00052266 /* Release */ = {
			isa = XCBuildConfiguration;
			buildSettings = {
				ASSETCATALOG_COMPILER_APPICON_NAME = AppIcon;
				ASSETCATALOG_COMPILER_LAUNCHIMAGE_NAME = LaunchImage;
				FRAMEWORK_SEARCH_PATHS = (
					"$(inherited)",
					/Users/bsauniv20/Documents/FacebookSDK,
					/Users/bsauniv22/Desktop/FacebookSDK,
				);
				GCC_PRECOMPILE_PREFIX_HEADER = YES;
				GCC_PREFIX_HEADER = "Run Guide/Run Guide-Prefix.pch";
				INFOPLIST_FILE = "Run Guide/Run Guide-Info.plist";
				PRODUCT_NAME = "$(TARGET_NAME)";
				WRAPPER_EXTENSION = app;
			};
			name = Release;
		};
		3600E4B418991C1D00052266 /* Debug */ = {
			isa = XCBuildConfiguration;
			buildSettings = {
				ARCHS = "$(ARCHS_STANDARD_INCLUDING_64_BIT)";
				BUNDLE_LOADER = "$(BUILT_PRODUCTS_DIR)/Run Guide.app/Run Guide";
				FRAMEWORK_SEARCH_PATHS = (
					"$(SDKROOT)/Developer/Library/Frameworks",
					"$(inherited)",
					"$(DEVELOPER_FRAMEWORKS_DIR)",
				);
				GCC_PRECOMPILE_PREFIX_HEADER = YES;
				GCC_PREFIX_HEADER = "Run Guide/Run Guide-Prefix.pch";
				GCC_PREPROCESSOR_DEFINITIONS = (
					"DEBUG=1",
					"$(inherited)",
				);
				INFOPLIST_FILE = "Run GuideTests/Run GuideTests-Info.plist";
				PRODUCT_NAME = "$(TARGET_NAME)";
				TEST_HOST = "$(BUNDLE_LOADER)";
				WRAPPER_EXTENSION = xctest;
			};
			name = Debug;
		};
		3600E4B518991C1D00052266 /* Release */ = {
			isa = XCBuildConfiguration;
			buildSettings = {
				ARCHS = "$(ARCHS_STANDARD_INCLUDING_64_BIT)";
				BUNDLE_LOADER = "$(BUILT_PRODUCTS_DIR)/Run Guide.app/Run Guide";
				FRAMEWORK_SEARCH_PATHS = (
					"$(SDKROOT)/Developer/Library/Frameworks",
					"$(inherited)",
					"$(DEVELOPER_FRAMEWORKS_DIR)",
				);
				GCC_PRECOMPILE_PREFIX_HEADER = YES;
				GCC_PREFIX_HEADER = "Run Guide/Run Guide-Prefix.pch";
				INFOPLIST_FILE = "Run GuideTests/Run GuideTests-Info.plist";
				PRODUCT_NAME = "$(TARGET_NAME)";
				TEST_HOST = "$(BUNDLE_LOADER)";
				WRAPPER_EXTENSION = xctest;
			};
			name = Release;
		};
/* End XCBuildConfiguration section */

/* Begin XCConfigurationList section */
		3600E47918991C1D00052266 /* Build configuration list for PBXProject "Run Guide" */ = {
			isa = XCConfigurationList;
			buildConfigurations = (
				3600E4AE18991C1D00052266 /* Debug */,
				3600E4AF18991C1D00052266 /* Release */,
			);
			defaultConfigurationIsVisible = 0;
			defaultConfigurationName = Release;
		};
		3600E4B018991C1D00052266 /* Build configuration list for PBXNativeTarget "Run Guide" */ = {
			isa = XCConfigurationList;
			buildConfigurations = (
				3600E4B118991C1D00052266 /* Debug */,
				3600E4B218991C1D00052266 /* Release */,
			);
			defaultConfigurationIsVisible = 0;
			defaultConfigurationName = Release;
		};
		3600E4B318991C1D00052266 /* Build configuration list for PBXNativeTarget "Run GuideTests" */ = {
			isa = XCConfigurationList;
			buildConfigurations = (
				3600E4B418991C1D00052266 /* Debug */,
				3600E4B518991C1D00052266 /* Release */,
			);
			defaultConfigurationIsVisible = 0;
			defaultConfigurationName = Release;
		};
/* End XCConfigurationList section */
	};
	rootObject = 3600E47618991C1D00052266 /* Project object */;
}
